{
  "requires": true,
  "lockfileVersion": 1,
  "dependencies": {
    "react-flip-move": {
      "version": "3.0.4",
      "resolved": "https://registry.npmjs.org/react-flip-move/-/react-flip-move-3.0.4.tgz",
      "integrity": "sha512-HyUVv9g3t/BS7Yz9HgrtYSWyRNdR2F81nkj+C5iRY675AwlqCLB5JU9mnZWg0cdVz7IM4iquoyZx70vzZv3Z8Q=="
    }
  }
}
